
Microsoft Visual Studio Solution File, Format Version 12.00
# Visual Studio Version 16
VisualStudioVersion = 16.0.30711.63
MinimumVisualStudioVersion = 10.0.40219.1
Project("{FAE04EC0-301F-11D3-BF4B-00C04F79EFBC}") = "BulkyBook", "BulkyBook\BulkyBook.csproj", "{7C65B764-9E95-400D-A237-A3CD42E5DC46}"
EndProject
Project("{FAE04EC0-301F-11D3-BF4B-00C04F79EFBC}") = "BulkyBook.DataAccess", "BulkyBook.DataAccess\BulkyBook.DataAccess.csproj", "{37200C62-5839-4F31-9D87-F1EC479DE499}"
EndProject
Project("{FAE04EC0-301F-11D3-BF4B-00C04F79EFBC}") = "BulkyBook.Models", "BulkyBook.Models\BulkyBook.Models.csproj", "{65BC5FA0-778A-41C9-9439-81055DC324AB}"
EndProject
Project("{FAE04EC0-301F-11D3-BF4B-00C04F79EFBC}") = "BulkyBook.Utility", "BulkyBook.Utility\BulkyBook.Utility.csproj", "{F79453F6-4ABB-4185-A10C-4FC1091D4D8C}"
EndProject
Global
	GlobalSection(SolutionConfigurationPlatforms) = preSolution
		Debug|Any CPU = Debug|Any CPU
		Release|Any CPU = Release|Any CPU
	EndGlobalSection
	GlobalSection(ProjectConfigurationPlatforms) = postSolution
		{7C65B764-9E95-400D-A237-A3CD42E5DC46}.Debug|Any CPU.ActiveCfg = Debug|Any CPU
		{7C65B764-9E95-400D-A237-A3CD42E5DC46}.Debug|Any CPU.Build.0 = Debug|Any CPU
		{7C65B764-9E95-400D-A237-A3CD42E5DC46}.Release|Any CPU.ActiveCfg = Release|Any CPU
		{7C65B764-9E95-400D-A237-A3CD42E5DC46}.Release|Any CPU.Build.0 = Release|Any CPU
		{37200C62-5839-4F31-9D87-F1EC479DE499}.Debug|Any CPU.ActiveCfg = Debug|Any CPU
		{37200C62-5839-4F31-9D87-F1EC479DE499}.Debug|Any CPU.Build.0 = Debug|Any CPU
		{37200C62-5839-4F31-9D87-F1EC479DE499}.Release|Any CPU.ActiveCfg = Release|Any CPU
		{37200C62-5839-4F31-9D87-F1EC479DE499}.Release|Any CPU.Build.0 = Release|Any CPU
		{65BC5FA0-778A-41C9-9439-81055DC324AB}.Debug|Any CPU.ActiveCfg = Debug|Any CPU
		{65BC5FA0-778A-41C9-9439-81055DC324AB}.Debug|Any CPU.Build.0 = Debug|Any CPU
		{65BC5FA0-778A-41C9-9439-81055DC324AB}.Release|Any CPU.ActiveCfg = Release|Any CPU
		{65BC5FA0-778A-41C9-9439-81055DC324AB}.Release|Any CPU.Build.0 = Release|Any CPU
		{F79453F6-4ABB-4185-A10C-4FC1091D4D8C}.Debug|Any CPU.ActiveCfg = Debug|Any CPU
		{F79453F6-4ABB-4185-A10C-4FC1091D4D8C}.Debug|Any CPU.Build.0 = Debug|Any CPU
		{F79453F6-4ABB-4185-A10C-4FC1091D4D8C}.Release|Any CPU.ActiveCfg = Release|Any CPU
		{F79453F6-4ABB-4185-A10C-4FC1091D4D8C}.Release|Any CPU.Build.0 = Release|Any CPU
	EndGlobalSection
	GlobalSection(SolutionProperties) = preSolution
		HideSolutionNode = FALSE
	EndGlobalSection
	GlobalSection(ExtensibilityGlobals) = postSolution
		SolutionGuid = {B3B48922-286A-4915-A7CE-B36CDB5746B9}
	EndGlobalSection
EndGlobal
